
Microsoft Visual Studio Solution File, Format Version 12.00
# Visual Studio 2013
VisualStudioVersion = 12.0.40629.0
MinimumVisualStudioVersion = 10.0.40219.1
Project("{FAE04EC0-301F-11D3-BF4B-00C04F79EFBC}") = "MarsRover", "MarsRover.csproj", "{DAE61485-692F-4A04-970D-4AFA7289BB80}"
EndProject
Project("{FAE04EC0-301F-11D3-BF4B-00C04F79EFBC}") = "MarsRoverTests", "..\MarsRoverTests\MarsRoverTests.csproj", "{48AFE70F-D3C1-47F3-A8AD-BF17B26C30A4}"
EndProject
Global
	GlobalSection(SolutionConfigurationPlatforms) = preSolution
		Debug|Any CPU = Debug|Any CPU
		Release|Any CPU = Release|Any CPU
	EndGlobalSection
	GlobalSection(ProjectConfigurationPlatforms) = postSolution
		{DAE61485-692F-4A04-970D-4AFA7289BB80}.Debug|Any CPU.ActiveCfg = Debug|Any CPU
		{DAE61485-692F-4A04-970D-4AFA7289BB80}.Debug|Any CPU.Build.0 = Debug|Any CPU
		{DAE61485-692F-4A04-970D-4AFA7289BB80}.Release|Any CPU.ActiveCfg = Release|Any CPU
		{DAE61485-692F-4A04-970D-4AFA7289BB80}.Release|Any CPU.Build.0 = Release|Any CPU
		{48AFE70F-D3C1-47F3-A8AD-BF17B26C30A4}.Debug|Any CPU.ActiveCfg = Debug|Any CPU
		{48AFE70F-D3C1-47F3-A8AD-BF17B26C30A4}.Debug|Any CPU.Build.0 = Debug|Any CPU
		{48AFE70F-D3C1-47F3-A8AD-BF17B26C30A4}.Release|Any CPU.ActiveCfg = Release|Any CPU
		{48AFE70F-D3C1-47F3-A8AD-BF17B26C30A4}.Release|Any CPU.Build.0 = Release|Any CPU
	EndGlobalSection
	GlobalSection(SolutionProperties) = preSolution
		HideSolutionNode = FALSE
	EndGlobalSection
EndGlobal
